// !$*UTF8*$!
{
	archiveVersion = 1;
	classes = {
	};
	objectVersion = 46;
	objects = {

/* Begin PBXBuildFile section */
		693D5AF91C0D69140036C5AB /* AppDelegate.swift in Sources */ = {isa = PBXBuildFile; fileRef = 693D5AF81C0D69140036C5AB /* AppDelegate.swift */; };
		693D5AFB1C0D69140036C5AB /* FirstViewController.swift in Sources */ = {isa = PBXBuildFile; fileRef = 693D5AFA1C0D69140036C5AB /* FirstViewController.swift */; };
		693D5AFD1C0D69140036C5AB /* SecondViewController.swift in Sources */ = {isa = PBXBuildFile; fileRef = 693D5AFC1C0D69140036C5AB /* SecondViewController.swift */; };
		693D5B001C0D69140036C5AB /* Main.storyboard in Resources */ = {isa = PBXBuildFile; fileRef = 693D5AFE1C0D69140036C5AB /* Main.storyboard */; };
		693D5B021C0D69140036C5AB /* Assets.xcassets in Resources */ = {isa = PBXBuildFile; fileRef = 693D5B011C0D69140036C5AB /* Assets.xcassets */; };
		693D5B051C0D69140036C5AB /* LaunchScreen.storyboard in Resources */ = {isa = PBXBuildFile; fileRef = 693D5B031C0D69140036C5AB /* LaunchScreen.storyboard */; };
		6993F10B1C22B73C008AD106 /* jsondata.json in Resources */ = {isa = PBXBuildFile; fileRef = 6993F10A1C22B73C008AD106 /* jsondata.json */; };
		69A7AE101C182D8800889EFC /* ThirdViewController.swift in Sources */ = {isa = PBXBuildFile; fileRef = 69A7AE0F1C182D8800889EFC /* ThirdViewController.swift */; };
		69E39FB41C294E3900F30A19 /* FourViewController.swift in Sources */ = {isa = PBXBuildFile; fileRef = 69E39FB31C294E3900F30A19 /* FourViewController.swift */; };
/* End PBXBuildFile section */

/* Begin PBXFileReference section */
		693D5AF51C0D69140036C5AB /* tabtest.app */ = {isa = PBXFileReference; explicitFileType = wrapper.application; includeInIndex = 0; path = tabtest.app; sourceTree = BUILT_PRODUCTS_DIR; };
		693D5AF81C0D69140036C5AB /* AppDelegate.swift */ = {isa = PBXFileReference; lastKnownFileType = sourcecode.swift; path = AppDelegate.swift; sourceTree = "<group>"; };
		693D5AFA1C0D69140036C5AB /* FirstViewController.swift */ = {isa = PBXFileReference; lastKnownFileType = sourcecode.swift; path = FirstViewController.swift; sourceTree = "<group>"; };
		693D5AFC1C0D69140036C5AB /* SecondViewController.swift */ = {isa = PBXFileReference; lastKnownFileType = sourcecode.swift; path = SecondViewController.swift; sourceTree = "<group>"; };
		693D5AFF1C0D69140036C5AB /* Base */ = {isa = PBXFileReference; lastKnownFileType = file.storyboard; name = Base; path = Base.lproj/Main.storyboard; sourceTree = "<group>"; };
		693D5B011C0D69140036C5AB /* Assets.xcassets */ = {isa = PBXFileReference; lastKnownFileType = folder.assetcatalog; path = Assets.xcassets; sourceTree = "<group>"; };
		693D5B041C0D69140036C5AB /* Base */ = {isa = PBXFileReference; lastKnownFileType = file.storyboard; name = Base; path = Base.lproj/LaunchScreen.storyboard; sourceTree = "<group>"; };
		693D5B061C0D69140036C5AB /* Info.plist */ = {isa = PBXFileReference; lastKnownFileType = text.plist.xml; path = Info.plist; sourceTree = "<group>"; };
		6993F10A1C22B73C008AD106 /* jsondata.json */ = {isa = PBXFileReference; fileEncoding = 4; lastKnownFileType = text.json; path = jsondata.json; sourceTree = "<group>"; };
		69A7AE0F1C182D8800889EFC /* ThirdViewController.swift */ = {isa = PBXFileReference; fileEncoding = 4; lastKnownFileType = sourcecode.swift; path = ThirdViewController.swift; sourceTree = "<group>"; };
		69E39FB31C294E3900F30A19 /* FourViewController.swift */ = {isa = PBXFileReference; fileEncoding = 4; lastKnownFileType = sourcecode.swift; path = FourViewController.swift; sourceTree = "<group>"; };
/* End PBXFileReference section */

/* Begin PBXFrameworksBuildPhase section */
		693D5AF21C0D69140036C5AB /* Frameworks */ = {
			isa = PBXFrameworksBuildPhase;
			buildActionMask = 2147483647;
			files = (
			);
			runOnlyForDeploymentPostprocessing = 0;
		};
/* End PBXFrameworksBuildPhase section */

/* Begin PBXGroup section */
		693D5AEC1C0D69140036C5AB = {
			isa = PBXGroup;
			children = (
				693D5AF71C0D69140036C5AB /* tabtest */,
				693D5AF61C0D69140036C5AB /* Products */,
			);
			sourceTree = "<group>";
		};
		693D5AF61C0D69140036C5AB /* Products */ = {
			isa = PBXGroup;
			children = (
				693D5AF51C0D69140036C5AB /* tabtest.app */,
			);
			name = Products;
			sourceTree = "<group>";
		};
		693D5AF71C0D69140036C5AB /* tabtest */ = {
			isa = PBXGroup;
			children = (
				693D5AF81C0D69140036C5AB /* AppDelegate.swift */,
				693D5AFA1C0D69140036C5AB /* FirstViewController.swift */,
				693D5AFC1C0D69140036C5AB /* SecondViewController.swift */,
				69A7AE0F1C182D8800889EFC /* ThirdViewController.swift */,
				693D5AFE1C0D69140036C5AB /* Main.storyboard */,
				69E39FB31C294E3900F30A19 /* FourViewController.swift */,
				693D5B011C0D69140036C5AB /* Assets.xcassets */,
				693D5B031C0D69140036C5AB /* LaunchScreen.storyboard */,
				693D5B061C0D69140036C5AB /* Info.plist */,
				6993F10A1C22B73C008AD106 /* jsondata.json */,
			);
			path = tabtest;
			sourceTree = "<group>";
		};
/* End PBXGroup section */

/* Begin PBXNativeTarget section */
		693D5AF41C0D69140036C5AB /* tabtest */ = {
			isa = PBXNativeTarget;
			buildConfigurationList = 693D5B091C0D69140036C5AB /* Build configuration list for PBXNativeTarget "tabtest" */;
			buildPhases = (
				693D5AF11C0D69140036C5AB /* Sources */,
				693D5AF21C0D69140036C5AB /* Frameworks */,
				693D5AF31C0D69140036C5AB /* Resources */,
			);
			buildRules = (
			);
			dependencies = (
			);
			name = tabtest;
			productName = tabtest;
			productReference = 693D5AF51C0D69140036C5AB /* tabtest.app */;
			productType = "com.apple.product-type.application";
		};
/* End PBXNativeTarget section */

/* Begin PBXProject section */
		693D5AED1C0D69140036C5AB /* Project object */ = {
			isa = PBXProject;
			attributes = {
				LastSwiftUpdateCheck = 0710;
				LastUpgradeCheck = 0710;
				ORGANIZATIONNAME = "shinichiro yamamoto";
				TargetAttributes = {
					693D5AF41C0D69140036C5AB = {
						CreatedOnToolsVersion = 7.1.1;
						DevelopmentTeam = J9SWLCATR5;
					};
				};
			};
			buildConfigurationList = 693D5AF01C0D69140036C5AB /* Build configuration list for PBXProject "tabtest" */;
			compatibilityVersion = "Xcode 3.2";
			developmentRegion = English;
			hasScannedForEncodings = 0;
			knownRegions = (
				en,
				Base,
			);
			mainGroup = 693D5AEC1C0D69140036C5AB;
			productRefGroup = 693D5AF61C0D69140036C5AB /* Products */;
			projectDirPath = "";
			projectRoot = "";
			targets = (
				693D5AF41C0D69140036C5AB /* tabtest */,
			);
		};
/* End PBXProject section */

/* Begin PBXResourcesBuildPhase section */
		693D5AF31C0D69140036C5AB /* Resources */ = {
			isa = PBXResourcesBuildPhase;
			buildActionMask = 2147483647;
			files = (
				693D5B051C0D69140036C5AB /* LaunchScreen.storyboard in Resources */,
				6993F10B1C22B73C008AD106 /* jsondata.json in Resources */,
				693D5B021C0D69140036C5AB /* Assets.xcassets in Resources */,
				693D5B001C0D69140036C5AB /* Main.storyboard in Resources */,
			);
			runOnlyForDeploymentPostprocessing = 0;
		};
/* End PBXResourcesBuildPhase section */

/* Begin PBXSourcesBuildPhase section */
		693D5AF11C0D69140036C5AB /* Sources */ = {
			isa = PBXSourcesBuildPhase;
			buildActionMask = 2147483647;
			files = (
				693D5AFD1C0D69140036C5AB /* SecondViewController.swift in Sources */,
				693D5AF91C0D69140036C5AB /* AppDelegate.swift in Sources */,
				69E39FB41C294E3900F30A19 /* FourViewController.swift in Sources */,
				69A7AE101C182D8800889EFC /* ThirdViewController.swift in Sources */,
				693D5AFB1C0D69140036C5AB /* FirstViewController.swift in Sources */,
			);
			runOnlyForDeploymentPostprocessing = 0;
		};
/* End PBXSourcesBuildPhase section */

/* Begin PBXVariantGroup section */
		693D5AFE1C0D69140036C5AB /* Main.storyboard */ = {
			isa = PBXVariantGroup;
			children = (
				693D5AFF1C0D69140036C5AB /* Base */,
			);
			name = Main.storyboard;
			sourceTree = "<group>";
		};
		693D5B031C0D69140036C5AB /* LaunchScreen.storyboard */ = {
			isa = PBXVariantGroup;
			children = (
				693D5B041C0D69140036C5AB /* Base */,
			);
			name = LaunchScreen.storyboard;
			sourceTree = "<group>";
		};
/* End PBXVariantGroup section */

/* Begin XCBuildConfiguration section */
		693D5B071C0D69140036C5AB /* Debug */ = {
			isa = XCBuildConfiguration;
			buildSettings = {
				ALWAYS_SEARCH_USER_PATHS = NO;
				CLANG_CXX_LANGUAGE_STANDARD = "gnu++0x";
				CLANG_CXX_LIBRARY = "libc++";
				CLANG_ENABLE_MODULES = YES;
				CLANG_ENABLE_OBJC_ARC = YES;
				CLANG_WARN_BOOL_CONVERSION = YES;
				CLANG_WARN_CONSTANT_CONVERSION = YES;
				CLANG_WARN_DIRECT_OBJC_ISA_USAGE = YES_ERROR;
				CLANG_WARN_EMPTY_BODY = YES;
				CLANG_WARN_ENUM_CONVERSION = YES;
				CLANG_WARN_INT_CONVERSION = YES;
				CLANG_WARN_OBJC_ROOT_CLASS = YES_ERROR;
				CLANG_WARN_UNREACHABLE_CODE = YES;
				CLANG_WARN__DUPLICATE_METHOD_MATCH = YES;
				"CODE_SIGN_IDENTITY[sdk=iphoneos*]" = "iPhone Developer";
				COPY_PHASE_STRIP = NO;
				DEBUG_INFORMATION_FORMAT = dwarf;
				ENABLE_STRICT_OBJC_MSGSEND = YES;
				ENABLE_TESTABILITY = YES;
				GCC_C_LANGUAGE_STANDARD = gnu99;
				GCC_DYNAMIC_NO_PIC = NO;
				GCC_NO_COMMON_BLOCKS = YES;
				GCC_OPTIMIZATION_LEVEL = 0;
				GCC_PREPROCESSOR_DEFINITIONS = (
					"DEBUG=1",
					"$(inherited)",
				);
				GCC_WARN_64_TO_32_BIT_CONVERSION = YES;
				GCC_WARN_ABOUT_RETURN_TYPE = YES_ERROR;
				GCC_WARN_UNDECLARED_SELECTOR = YES;
				GCC_WARN_UNINITIALIZED_AUTOS = YES_AGGRESSIVE;
				GCC_WARN_UNUSED_FUNCTION = YES;
				GCC_WARN_UNUSED_VARIABLE = YES;
				IPHONEOS_DEPLOYMENT_TARGET = 9.1;
				MTL_ENABLE_DEBUG_INFO = YES;
				ONLY_ACTIVE_ARCH = YES;
				SDKROOT = iphoneos;
				SWIFT_OPTIMIZATION_LEVEL = "-Onone";
			};
			name = Debug;
		};
		693D5B081C0D69140036C5AB /* Release */ = {
			isa = XCBuildConfiguration;
			buildSettings = {
				ALWAYS_SEARCH_USER_PATHS = NO;
				CLANG_CXX_LANGUAGE_STANDARD = "gnu++0x";
				CLANG_CXX_LIBRARY = "libc++";
				CLANG_ENABLE_MODULES = YES;
				CLANG_ENABLE_OBJC_ARC = YES;
				CLANG_WARN_BOOL_CONVERSION = YES;
				CLANG_WARN_CONSTANT_CONVERSION = YES;
				CLANG_WARN_DIRECT_OBJC_ISA_USAGE = YES_ERROR;
				CLANG_WARN_EMPTY_BODY = YES;
				CLANG_WARN_ENUM_CONVERSION = YES;
				CLANG_WARN_INT_CONVERSION = YES;
				CLANG_WARN_OBJC_ROOT_CLASS = YES_ERROR;
				CLANG_WARN_UNREACHABLE_CODE = YES;
				CLANG_WARN__DUPLICATE_METHOD_MATCH = YES;
				"CODE_SIGN_IDENTITY[sdk=iphoneos*]" = "iPhone Developer";
				COPY_PHASE_STRIP = NO;
				DEBUG_INFORMATION_FORMAT = "dwarf-with-dsym";
				ENABLE_NS_ASSERTIONS = NO;
				ENABLE_STRICT_OBJC_MSGSEND = YES;
				GCC_C_LANGUAGE_STANDARD = gnu99;
				GCC_NO_COMMON_BLOCKS = YES;
				GCC_WARN_64_TO_32_BIT_CONVERSION = YES;
				GCC_WARN_ABOUT_RETURN_TYPE = YES_ERROR;
				GCC_WARN_UNDECLARED_SELECTOR = YES;
				GCC_WARN_UNINITIALIZED_AUTOS = YES_AGGRESSIVE;
				GCC_WARN_UNUSED_FUNCTION = YES;
				GCC_WARN_UNUSED_VARIABLE = YES;
				IPHONEOS_DEPLOYMENT_TARGET = 9.1;
				MTL_ENABLE_DEBUG_INFO = NO;
				SDKROOT = iphoneos;
				VALIDATE_PRODUCT = YES;
			};
			name = Release;
		};
		693D5B0A1C0D69140036C5AB /* Debug */ = {
			isa = XCBuildConfiguration;
			buildSettings = {
				ASSETCATALOG_COMPILER_APPICON_NAME = AppIcon;
				CODE_SIGN_IDENTITY = "iPhone Developer";
				INFOPLIST_FILE = tabtest/Info.plist;
				LD_RUNPATH_SEARCH_PATHS = "$(inherited) @executable_path/Frameworks";
				PRODUCT_BUNDLE_IDENTIFIER = crhios;
				PRODUCT_NAME = "$(TARGET_NAME)";
			};
			name = Debug;
		};
		693D5B0B1C0D69140036C5AB /* Release */ = {
			isa = XCBuildConfiguration;
			buildSettings = {
				ASSETCATALOG_COMPILER_APPICON_NAME = AppIcon;
				CODE_SIGN_IDENTITY = "iPhone Developer";
				INFOPLIST_FILE = tabtest/Info.plist;
				LD_RUNPATH_SEARCH_PATHS = "$(inherited) @executable_path/Frameworks";
				PRODUCT_BUNDLE_IDENTIFIER = crhios;
				PRODUCT_NAME = "$(TARGET_NAME)";
			};
			name = Release;
		};
/* End XCBuildConfiguration section */

/* Begin XCConfigurationList section */
		693D5AF01C0D69140036C5AB /* Build configuration list for PBXProject "tabtest" */ = {
			isa = XCConfigurationList;
			buildConfigurations = (
				693D5B071C0D69140036C5AB /* Debug */,
				693D5B081C0D69140036C5AB /* Release */,
			);
			defaultConfigurationIsVisible = 0;
			defaultConfigurationName = Release;
		};
		693D5B091C0D69140036C5AB /* Build configuration list for PBXNativeTarget "tabtest" */ = {
			isa = XCConfigurationList;
			buildConfigurations = (
				693D5B0A1C0D69140036C5AB /* Debug */,
				693D5B0B1C0D69140036C5AB /* Release */,
			);
			defaultConfigurationIsVisible = 0;
			defaultConfigurationName = Release;
		};
/* End XCConfigurationList section */
	};
	rootObject = 693D5AED1C0D69140036C5AB /* Project object */;
}
